
Microsoft Visual Studio Solution File, Format Version 12.00
# Visual Studio Version 16
VisualStudioVersion = 16.0.30204.135
MinimumVisualStudioVersion = 10.0.40219.1
Project("{FAE04EC0-301F-11D3-BF4B-00C04F79EFBC}") = "OnlineLibraryMgtSystem", "OnlineLibraryMgtSystem\OnlineLibraryMgtSystem.csproj", "{CF8ED723-1A51-40DC-9F24-618D0631F689}"
EndProject
Global
	GlobalSection(SolutionConfigurationPlatforms) = preSolution
		Debug|Any CPU = Debug|Any CPU
		Release|Any CPU = Release|Any CPU
	EndGlobalSection
	GlobalSection(ProjectConfigurationPlatforms) = postSolution
		{CF8ED723-1A51-40DC-9F24-618D0631F689}.Debug|Any CPU.ActiveCfg = Debug|Any CPU
		{CF8ED723-1A51-40DC-9F24-618D0631F689}.Debug|Any CPU.Build.0 = Debug|Any CPU
		{CF8ED723-1A51-40DC-9F24-618D0631F689}.Release|Any CPU.ActiveCfg = Release|Any CPU
		{CF8ED723-1A51-40DC-9F24-618D0631F689}.Release|Any CPU.Build.0 = Release|Any CPU
	EndGlobalSection
	GlobalSection(SolutionProperties) = preSolution
		HideSolutionNode = FALSE
	EndGlobalSection
	GlobalSection(ExtensibilityGlobals) = postSolution
		SolutionGuid = {6271AAB7-690A-4B35-9E53-A7399F7A399E}
	EndGlobalSection
EndGlobal
